
Microsoft Visual Studio Solution File, Format Version 12.00
# Visual Studio Version 17
VisualStudioVersion = 17.0.32014.148
MinimumVisualStudioVersion = 10.0.40219.1
Project("{FAE04EC0-301F-11D3-BF4B-00C04F79EFBC}") = "WpfApp7", "WpfApp7\WpfApp7.csproj", "{944BB9EF-ED24-4275-B1C9-F8F390508E84}"
EndProject
Global
	GlobalSection(SolutionConfigurationPlatforms) = preSolution
		Debug|Any CPU = Debug|Any CPU
		Release|Any CPU = Release|Any CPU
	EndGlobalSection
	GlobalSection(ProjectConfigurationPlatforms) = postSolution
		{944BB9EF-ED24-4275-B1C9-F8F390508E84}.Debug|Any CPU.ActiveCfg = Debug|Any CPU
		{944BB9EF-ED24-4275-B1C9-F8F390508E84}.Debug|Any CPU.Build.0 = Debug|Any CPU
		{944BB9EF-ED24-4275-B1C9-F8F390508E84}.Release|Any CPU.ActiveCfg = Release|Any CPU
		{944BB9EF-ED24-4275-B1C9-F8F390508E84}.Release|Any CPU.Build.0 = Release|Any CPU
	EndGlobalSection
	GlobalSection(SolutionProperties) = preSolution
		HideSolutionNode = FALSE
	EndGlobalSection
	GlobalSection(ExtensibilityGlobals) = postSolution
		SolutionGuid = {865976B9-175B-41C1-ACC1-8F64C275038A}
	EndGlobalSection
EndGlobal
